uuid: 757cc89f-1a6a-4c50-b7df-681b2e764419
langcode: en
status: true
dependencies:
  config:
    - field.storage.paragraph.field_block
    - paragraphs.paragraphs_type.block
  module:
    - block_field
id: paragraph.block.field_block
field_name: field_block
entity_type: paragraph
bundle: block
label: Block
description: ''
required: false
translatable: false
default_value: {  }
default_value_callback: ''
settings:
  selection: blocks
  selection_settings:
    plugin_ids:
      'block_content:0445e2c5-4d7a-4d16-bb8f-9942adf77830': 'block_content:0445e2c5-4d7a-4d16-bb8f-9942adf77830'
      'block_content:3a4e3721-530f-4212-8d32-7fcb424a8ce0': 'block_content:3a4e3721-530f-4212-8d32-7fcb424a8ce0'
      system_powered_by_block: system_powered_by_block
field_type: block_field
