uuid: 297133f6-9f1c-44ed-9a78-c08bcfdffa43
langcode: en
status: true
dependencies:
  content:
    - 'file:file:124fe355-bd0e-472b-bcfb-da4f31ee1ad6'
id: block
label: Block
icon_uuid: 124fe355-bd0e-472b-bcfb-da4f31ee1ad6
icon_default: 'data:image/svg+xml;base64,PHN2ZyB4bWxucz0iaHR0cDovL3d3dy53My5vcmcvMjAwMC9zdmciIHZpZXdCb3g9IjAgMCA1MTIgNTEyIj48IS0tISBGb250IEF3ZXNvbWUgUHJvIDYuMi4xIGJ5IEBmb250YXdlc29tZSAtIGh0dHBzOi8vZm9udGF3ZXNvbWUuY29tIExpY2Vuc2UgLSBodHRwczovL2ZvbnRhd2Vzb21lLmNvbS9saWNlbnNlIChDb21tZXJjaWFsIExpY2Vuc2UpIENvcHlyaWdodCAyMDIyIEZvbnRpY29ucywgSW5jLiAtLT48ZGVmcz48c3R5bGU+LmZhLXNlY29uZGFyeXtvcGFjaXR5Oi40fTwvc3R5bGU+PC9kZWZzPjxwYXRoIGNsYXNzPSJmYS1wcmltYXJ5IiBkPSJNMjM0LjUgNS43MDlDMjQ4LjQgLjczNzcgMjYzLjYgLjczNzcgMjc3LjUgNS43MDlMNDY5LjUgNzQuMjhDNDk0LjEgODMuMzggNTEyIDEwNy41IDUxMiAxMzQuNlYzNzcuNEM1MTIgNDA0LjUgNDk0LjEgNDI4LjYgNDY5LjUgNDM3LjdMMjc3LjUgNTA2LjNDMjYzLjYgNTExLjMgMjQ4LjQgNTExLjMgMjM0LjUgNTA2LjNMNDIuNDcgNDM3LjdDMTcgNDI4LjYgMCA0MDQuNSAwIDM3Ny40VjEzNC42QzAgMTA3LjUgMTcgODMuMzggNDIuNDcgNzQuMjhMMjM0LjUgNS43MDl6TTI1NiA2NS45OEw4Mi4zNCAxMjhMMjU2IDE5MEw0MjkuNyAxMjhMMjU2IDY1Ljk4ek0yMjQgNDM0LjZWMjQ2LjZMNjQgMTg5LjRWMzc3LjRMMjI0IDQzNC42ek0yODggNDM0LjZMNDQ4IDM3Ny40VjE4OS40TDI4OCAyNDYuNlY0MzQuNnoiLz48cGF0aCBjbGFzcz0iZmEtc2Vjb25kYXJ5IiBkPSJNMjI0IDI0Ni42VjQzNC42TDY0IDM3Ny40VjE4OS40TDIyNCAyNDYuNnpNNDQ4IDM3Ny40TDI4OCA0MzQuNlYyNDYuNkw0NDggMTg5LjRWMzc3LjR6Ii8+PC9zdmc+'
description: 'Choose a block to display. Edit this fields settings to allow different blocks.'
behavior_plugins: {  }
